{
  "name": "yonatankarp.github.io",
  "lockfileVersion": 3,
  "requires": true,
  "packages": {
    "": {
      "name": "yonatankarp.github.io",
      "workspaces": [
        "packages/hugoautogen"
      ]
    },
    "node_modules/yonatankarp.github.io": {
      "resolved": "packages/hugoautogen",
      "link": true
    },
    "packages/hugoautogen": {
      "name": "yonatankarp.github.io",
      "version": "0.1.0",
      "devDependencies": {}
    }
  }
}
